
Microsoft Visual Studio Solution File, Format Version 12.00
Project("{FAE04EC0-301F-11D3-BF4B-00C04F79EFBC}") = "angular-pwa-web-app", "angular-pwa-web-app\angular-pwa-web-app.csproj", "{ABA172A2-C00B-4486-B52F-3A607F34CB52}"
EndProject
Global
	GlobalSection(SolutionConfigurationPlatforms) = preSolution
		Debug|Any CPU = Debug|Any CPU
		Release|Any CPU = Release|Any CPU
	EndGlobalSection
	GlobalSection(ProjectConfigurationPlatforms) = postSolution
		{ABA172A2-C00B-4486-B52F-3A607F34CB52}.Debug|Any CPU.ActiveCfg = Debug|Any CPU
		{ABA172A2-C00B-4486-B52F-3A607F34CB52}.Debug|Any CPU.Build.0 = Debug|Any CPU
		{ABA172A2-C00B-4486-B52F-3A607F34CB52}.Release|Any CPU.ActiveCfg = Release|Any CPU
		{ABA172A2-C00B-4486-B52F-3A607F34CB52}.Release|Any CPU.Build.0 = Release|Any CPU
	EndGlobalSection
EndGlobal
